
Microsoft Visual Studio Solution File, Format Version 12.00
# Visual Studio 15
VisualStudioVersion = 15.0.27604.0
MinimumVisualStudioVersion = 10.0.40219.1
Project("{9A19103F-16F7-4668-BE54-9A1E7A4F7556}") = "TipCalc.Core", "TipCalc.Core\TipCalc.Core.csproj", "{BC0870A7-959C-41D6-953B-96645B69ADC4}"
EndProject
Project("{FAE04EC0-301F-11D3-BF4B-00C04F79EFBC}") = "TipCalc.Uwp", "TipCalc.Uwp\TipCalc.Uwp.csproj", "{57B48AD9-3396-49E2-8969-72CC00ED2EF6}"
EndProject
Project("{FAE04EC0-301F-11D3-BF4B-00C04F79EFBC}") = "TipCalc.Droid", "TipCalc.Droid\TipCalc.Droid.csproj", "{8FB27C8F-137E-476F-8CA9-E0E9FE3AA76B}"
EndProject
Project("{FAE04EC0-301F-11D3-BF4B-00C04F79EFBC}") = "TipCalc.iOS", "TipCalc.iOS\TipCalc.iOS.csproj", "{80A96B52-6758-4BDB-B0B4-CEA4CA155C60}"
EndProject
Project("{FAE04EC0-301F-11D3-BF4B-00C04F79EFBC}") = "TipCalc.Forms.Android", "TipCalc.Forms\TipCalc.Forms.Android\TipCalc.Forms.Android.csproj", "{D3F477EB-5088-4871-9FC1-D493811E12A6}"
EndProject
Project("{FAE04EC0-301F-11D3-BF4B-00C04F79EFBC}") = "TipCalc.Forms.iOS", "TipCalc.Forms\TipCalc.Forms.iOS\TipCalc.Forms.iOS.csproj", "{B283C09E-261C-458D-A7FE-AA22E674EDA7}"
EndProject
Project("{FAE04EC0-301F-11D3-BF4B-00C04F79EFBC}") = "TipCalc.Forms.UWP", "TipCalc.Forms\TipCalc.Forms.UWP\TipCalc.Forms.UWP.csproj", "{F13AAEE9-0258-4713-A974-3E6E9B4CA7D8}"
EndProject
Project("{FAE04EC0-301F-11D3-BF4B-00C04F79EFBC}") = "TipCalc.Forms", "TipCalc.Forms\TipCalc.Forms\TipCalc.Forms.csproj", "{6B65047B-3553-4678-9D4B-AF13DADA5350}"
EndProject
Global
	GlobalSection(SolutionConfigurationPlatforms) = preSolution
		Ad-Hoc|Any CPU = Ad-Hoc|Any CPU
		Ad-Hoc|ARM = Ad-Hoc|ARM
		Ad-Hoc|iPhone = Ad-Hoc|iPhone
		Ad-Hoc|iPhoneSimulator = Ad-Hoc|iPhoneSimulator
		Ad-Hoc|x64 = Ad-Hoc|x64
		Ad-Hoc|x86 = Ad-Hoc|x86
		AppStore|Any CPU = AppStore|Any CPU
		AppStore|ARM = AppStore|ARM
		AppStore|iPhone = AppStore|iPhone
		AppStore|iPhoneSimulator = AppStore|iPhoneSimulator
		AppStore|x64 = AppStore|x64
		AppStore|x86 = AppStore|x86
		Debug|Any CPU = Debug|Any CPU
		Debug|ARM = Debug|ARM
		Debug|iPhone = Debug|iPhone
		Debug|iPhoneSimulator = Debug|iPhoneSimulator
		Debug|x64 = Debug|x64
		Debug|x86 = Debug|x86
		Release|Any CPU = Release|Any CPU
		Release|ARM = Release|ARM
		Release|iPhone = Release|iPhone
		Release|iPhoneSimulator = Release|iPhoneSimulator
		Release|x64 = Release|x64
		Release|x86 = Release|x86
	EndGlobalSection
	GlobalSection(ProjectConfigurationPlatforms) = postSolution
		{BC0870A7-959C-41D6-953B-96645B69ADC4}.Ad-Hoc|Any CPU.ActiveCfg = Release|Any CPU
		{BC0870A7-959C-41D6-953B-96645B69ADC4}.Ad-Hoc|Any CPU.Build.0 = Release|Any CPU
		{BC0870A7-959C-41D6-953B-96645B69ADC4}.Ad-Hoc|ARM.ActiveCfg = Release|Any CPU
		{BC0870A7-959C-41D6-953B-96645B69ADC4}.Ad-Hoc|ARM.Build.0 = Release|Any CPU
		{BC0870A7-959C-41D6-953B-96645B69ADC4}.Ad-Hoc|iPhone.ActiveCfg = Release|Any CPU
		{BC0870A7-959C-41D6-953B-96645B69ADC4}.Ad-Hoc|iPhone.Build.0 = Release|Any CPU
		{BC0870A7-959C-41D6-953B-96645B69ADC4}.Ad-Hoc|iPhoneSimulator.ActiveCfg = Release|Any CPU
		{BC0870A7-959C-41D6-953B-96645B69ADC4}.Ad-Hoc|iPhoneSimulator.Build.0 = Release|Any CPU
		{BC0870A7-959C-41D6-953B-96645B69ADC4}.Ad-Hoc|x64.ActiveCfg = Release|Any CPU
		{BC0870A7-959C-41D6-953B-96645B69ADC4}.Ad-Hoc|x64.Build.0 = Release|Any CPU
		{BC0870A7-959C-41D6-953B-96645B69ADC4}.Ad-Hoc|x86.ActiveCfg = Release|Any CPU
		{BC0870A7-959C-41D6-953B-96645B69ADC4}.Ad-Hoc|x86.Build.0 = Release|Any CPU
		{BC0870A7-959C-41D6-953B-96645B69ADC4}.AppStore|Any CPU.ActiveCfg = Release|Any CPU
		{BC0870A7-959C-41D6-953B-96645B69ADC4}.AppStore|Any CPU.Build.0 = Release|Any CPU
		{BC0870A7-959C-41D6-953B-96645B69ADC4}.AppStore|ARM.ActiveCfg = Release|Any CPU
		{BC0870A7-959C-41D6-953B-96645B69ADC4}.AppStore|ARM.Build.0 = Release|Any CPU
		{BC0870A7-959C-41D6-953B-96645B69ADC4}.AppStore|iPhone.ActiveCfg = Release|Any CPU
		{BC0870A7-959C-41D6-953B-96645B69ADC4}.AppStore|iPhone.Build.0 = Release|Any CPU
		{BC0870A7-959C-41D6-953B-96645B69ADC4}.AppStore|iPhoneSimulator.ActiveCfg = Release|Any CPU
		{BC0870A7-959C-41D6-953B-96645B69ADC4}.AppStore|iPhoneSimulator.Build.0 = Release|Any CPU
		{BC0870A7-959C-41D6-953B-96645B69ADC4}.AppStore|x64.ActiveCfg = Release|Any CPU
		{BC0870A7-959C-41D6-953B-96645B69ADC4}.AppStore|x64.Build.0 = Release|Any CPU
		{BC0870A7-959C-41D6-953B-96645B69ADC4}.AppStore|x86.ActiveCfg = Release|Any CPU
		{BC0870A7-959C-41D6-953B-96645B69ADC4}.AppStore|x86.Build.0 = Release|Any CPU
		{BC0870A7-959C-41D6-953B-96645B69ADC4}.Debug|Any CPU.ActiveCfg = Debug|Any CPU
		{BC0870A7-959C-41D6-953B-96645B69ADC4}.Debug|Any CPU.Build.0 = Debug|Any CPU
		{BC0870A7-959C-41D6-953B-96645B69ADC4}.Debug|ARM.ActiveCfg = Debug|Any CPU
		{BC0870A7-959C-41D6-953B-96645B69ADC4}.Debug|ARM.Build.0 = Debug|Any CPU
		{BC0870A7-959C-41D6-953B-96645B69ADC4}.Debug|iPhone.ActiveCfg = Debug|Any CPU
		{BC0870A7-959C-41D6-953B-96645B69ADC4}.Debug|iPhone.Build.0 = Debug|Any CPU
		{BC0870A7-959C-41D6-953B-96645B69ADC4}.Debug|iPhoneSimulator.ActiveCfg = Debug|Any CPU
		{BC0870A7-959C-41D6-953B-96645B69ADC4}.Debug|iPhoneSimulator.Build.0 = Debug|Any CPU
		{BC0870A7-959C-41D6-953B-96645B69ADC4}.Debug|x64.ActiveCfg = Debug|Any CPU
		{BC0870A7-959C-41D6-953B-96645B69ADC4}.Debug|x64.Build.0 = Debug|Any CPU
		{BC0870A7-959C-41D6-953B-96645B69ADC4}.Debug|x86.ActiveCfg = Debug|Any CPU
		{BC0870A7-959C-41D6-953B-96645B69ADC4}.Debug|x86.Build.0 = Debug|Any CPU
		{BC0870A7-959C-41D6-953B-96645B69ADC4}.Release|Any CPU.ActiveCfg = Release|Any CPU
		{BC0870A7-959C-41D6-953B-96645B69ADC4}.Release|Any CPU.Build.0 = Release|Any CPU
		{BC0870A7-959C-41D6-953B-96645B69ADC4}.Release|ARM.ActiveCfg = Release|Any CPU
		{BC0870A7-959C-41D6-953B-96645B69ADC4}.Release|ARM.Build.0 = Release|Any CPU
		{BC0870A7-959C-41D6-953B-96645B69ADC4}.Release|iPhone.ActiveCfg = Release|Any CPU
		{BC0870A7-959C-41D6-953B-96645B69ADC4}.Release|iPhone.Build.0 = Release|Any CPU
		{BC0870A7-959C-41D6-953B-96645B69ADC4}.Release|iPhoneSimulator.ActiveCfg = Release|Any CPU
		{BC0870A7-959C-41D6-953B-96645B69ADC4}.Release|iPhoneSimulator.Build.0 = Release|Any CPU
		{BC0870A7-959C-41D6-953B-96645B69ADC4}.Release|x64.ActiveCfg = Release|Any CPU
		{BC0870A7-959C-41D6-953B-96645B69ADC4}.Release|x64.Build.0 = Release|Any CPU
		{BC0870A7-959C-41D6-953B-96645B69ADC4}.Release|x86.ActiveCfg = Release|Any CPU
		{BC0870A7-959C-41D6-953B-96645B69ADC4}.Release|x86.Build.0 = Release|Any CPU
		{57B48AD9-3396-49E2-8969-72CC00ED2EF6}.Ad-Hoc|Any CPU.ActiveCfg = Release|x64
		{57B48AD9-3396-49E2-8969-72CC00ED2EF6}.Ad-Hoc|Any CPU.Build.0 = Release|x64
		{57B48AD9-3396-49E2-8969-72CC00ED2EF6}.Ad-Hoc|Any CPU.Deploy.0 = Release|x64
		{57B48AD9-3396-49E2-8969-72CC00ED2EF6}.Ad-Hoc|ARM.ActiveCfg = Release|ARM
		{57B48AD9-3396-49E2-8969-72CC00ED2EF6}.Ad-Hoc|ARM.Build.0 = Release|ARM
		{57B48AD9-3396-49E2-8969-72CC00ED2EF6}.Ad-Hoc|ARM.Deploy.0 = Release|ARM
		{57B48AD9-3396-49E2-8969-72CC00ED2EF6}.Ad-Hoc|iPhone.ActiveCfg = Release|x64
		{57B48AD9-3396-49E2-8969-72CC00ED2EF6}.Ad-Hoc|iPhone.Build.0 = Release|x64
		{57B48AD9-3396-49E2-8969-72CC00ED2EF6}.Ad-Hoc|iPhone.Deploy.0 = Release|x64
		{57B48AD9-3396-49E2-8969-72CC00ED2EF6}.Ad-Hoc|iPhoneSimulator.ActiveCfg = Release|x64
		{57B48AD9-3396-49E2-8969-72CC00ED2EF6}.Ad-Hoc|iPhoneSimulator.Build.0 = Release|x64
		{57B48AD9-3396-49E2-8969-72CC00ED2EF6}.Ad-Hoc|iPhoneSimulator.Deploy.0 = Release|x64
		{57B48AD9-3396-49E2-8969-72CC00ED2EF6}.Ad-Hoc|x64.ActiveCfg = Release|x64
		{57B48AD9-3396-49E2-8969-72CC00ED2EF6}.Ad-Hoc|x64.Build.0 = Release|x64
		{57B48AD9-3396-49E2-8969-72CC00ED2EF6}.Ad-Hoc|x64.Deploy.0 = Release|x64
		{57B48AD9-3396-49E2-8969-72CC00ED2EF6}.Ad-Hoc|x86.ActiveCfg = Release|x86
		{57B48AD9-3396-49E2-8969-72CC00ED2EF6}.Ad-Hoc|x86.Build.0 = Release|x86
		{57B48AD9-3396-49E2-8969-72CC00ED2EF6}.Ad-Hoc|x86.Deploy.0 = Release|x86
		{57B48AD9-3396-49E2-8969-72CC00ED2EF6}.AppStore|Any CPU.ActiveCfg = Release|x64
		{57B48AD9-3396-49E2-8969-72CC00ED2EF6}.AppStore|Any CPU.Build.0 = Release|x64
		{57B48AD9-3396-49E2-8969-72CC00ED2EF6}.AppStore|Any CPU.Deploy.0 = Release|x64
		{57B48AD9-3396-49E2-8969-72CC00ED2EF6}.AppStore|ARM.ActiveCfg = Release|ARM
		{57B48AD9-3396-49E2-8969-72CC00ED2EF6}.AppStore|ARM.Build.0 = Release|ARM
		{57B48AD9-3396-49E2-8969-72CC00ED2EF6}.AppStore|ARM.Deploy.0 = Release|ARM
		{57B48AD9-3396-49E2-8969-72CC00ED2EF6}.AppStore|iPhone.ActiveCfg = Release|x64
		{57B48AD9-3396-49E2-8969-72CC00ED2EF6}.AppStore|iPhone.Build.0 = Release|x64
		{57B48AD9-3396-49E2-8969-72CC00ED2EF6}.AppStore|iPhone.Deploy.0 = Release|x64
		{57B48AD9-3396-49E2-8969-72CC00ED2EF6}.AppStore|iPhoneSimulator.ActiveCfg = Release|x64
		{57B48AD9-3396-49E2-8969-72CC00ED2EF6}.AppStore|iPhoneSimulator.Build.0 = Release|x64
		{57B48AD9-3396-49E2-8969-72CC00ED2EF6}.AppStore|iPhoneSimulator.Deploy.0 = Release|x64
		{57B48AD9-3396-49E2-8969-72CC00ED2EF6}.AppStore|x64.ActiveCfg = Release|x64
		{57B48AD9-3396-49E2-8969-72CC00ED2EF6}.AppStore|x64.Build.0 = Release|x64
		{57B48AD9-3396-49E2-8969-72CC00ED2EF6}.AppStore|x64.Deploy.0 = Release|x64
		{57B48AD9-3396-49E2-8969-72CC00ED2EF6}.AppStore|x86.ActiveCfg = Release|x86
		{57B48AD9-3396-49E2-8969-72CC00ED2EF6}.AppStore|x86.Build.0 = Release|x86
		{57B48AD9-3396-49E2-8969-72CC00ED2EF6}.AppStore|x86.Deploy.0 = Release|x86
		{57B48AD9-3396-49E2-8969-72CC00ED2EF6}.Debug|Any CPU.ActiveCfg = Debug|x86
		{57B48AD9-3396-49E2-8969-72CC00ED2EF6}.Debug|ARM.ActiveCfg = Debug|ARM
		{57B48AD9-3396-49E2-8969-72CC00ED2EF6}.Debug|ARM.Build.0 = Debug|ARM
		{57B48AD9-3396-49E2-8969-72CC00ED2EF6}.Debug|ARM.Deploy.0 = Debug|ARM
		{57B48AD9-3396-49E2-8969-72CC00ED2EF6}.Debug|iPhone.ActiveCfg = Debug|x86
		{57B48AD9-3396-49E2-8969-72CC00ED2EF6}.Debug|iPhoneSimulator.ActiveCfg = Debug|x86
		{57B48AD9-3396-49E2-8969-72CC00ED2EF6}.Debug|x64.ActiveCfg = Debug|x64
		{57B48AD9-3396-49E2-8969-72CC00ED2EF6}.Debug|x64.Build.0 = Debug|x64
		{57B48AD9-3396-49E2-8969-72CC00ED2EF6}.Debug|x64.Deploy.0 = Debug|x64
		{57B48AD9-3396-49E2-8969-72CC00ED2EF6}.Debug|x86.ActiveCfg = Debug|x86
		{57B48AD9-3396-49E2-8969-72CC00ED2EF6}.Debug|x86.Build.0 = Debug|x86
		{57B48AD9-3396-49E2-8969-72CC00ED2EF6}.Debug|x86.Deploy.0 = Debug|x86
		{57B48AD9-3396-49E2-8969-72CC00ED2EF6}.Release|Any CPU.ActiveCfg = Release|x86
		{57B48AD9-3396-49E2-8969-72CC00ED2EF6}.Release|ARM.ActiveCfg = Release|ARM
		{57B48AD9-3396-49E2-8969-72CC00ED2EF6}.Release|ARM.Build.0 = Release|ARM
		{57B48AD9-3396-49E2-8969-72CC00ED2EF6}.Release|ARM.Deploy.0 = Release|ARM
		{57B48AD9-3396-49E2-8969-72CC00ED2EF6}.Release|iPhone.ActiveCfg = Release|x86
		{57B48AD9-3396-49E2-8969-72CC00ED2EF6}.Release|iPhoneSimulator.ActiveCfg = Release|x86
		{57B48AD9-3396-49E2-8969-72CC00ED2EF6}.Release|x64.ActiveCfg = Release|x64
		{57B48AD9-3396-49E2-8969-72CC00ED2EF6}.Release|x64.Build.0 = Release|x64
		{57B48AD9-3396-49E2-8969-72CC00ED2EF6}.Release|x64.Deploy.0 = Release|x64
		{57B48AD9-3396-49E2-8969-72CC00ED2EF6}.Release|x86.ActiveCfg = Release|x86
		{57B48AD9-3396-49E2-8969-72CC00ED2EF6}.Release|x86.Build.0 = Release|x86
		{57B48AD9-3396-49E2-8969-72CC00ED2EF6}.Release|x86.Deploy.0 = Release|x86
		{8FB27C8F-137E-476F-8CA9-E0E9FE3AA76B}.Ad-Hoc|Any CPU.ActiveCfg = Release|Any CPU
		{8FB27C8F-137E-476F-8CA9-E0E9FE3AA76B}.Ad-Hoc|Any CPU.Build.0 = Release|Any CPU
		{8FB27C8F-137E-476F-8CA9-E0E9FE3AA76B}.Ad-Hoc|Any CPU.Deploy.0 = Release|Any CPU
		{8FB27C8F-137E-476F-8CA9-E0E9FE3AA76B}.Ad-Hoc|ARM.ActiveCfg = Release|Any CPU
		{8FB27C8F-137E-476F-8CA9-E0E9FE3AA76B}.Ad-Hoc|ARM.Build.0 = Release|Any CPU
		{8FB27C8F-137E-476F-8CA9-E0E9FE3AA76B}.Ad-Hoc|ARM.Deploy.0 = Release|Any CPU
		{8FB27C8F-137E-476F-8CA9-E0E9FE3AA76B}.Ad-Hoc|iPhone.ActiveCfg = Release|Any CPU
		{8FB27C8F-137E-476F-8CA9-E0E9FE3AA76B}.Ad-Hoc|iPhone.Build.0 = Release|Any CPU
		{8FB27C8F-137E-476F-8CA9-E0E9FE3AA76B}.Ad-Hoc|iPhone.Deploy.0 = Release|Any CPU
		{8FB27C8F-137E-476F-8CA9-E0E9FE3AA76B}.Ad-Hoc|iPhoneSimulator.ActiveCfg = Release|Any CPU
		{8FB27C8F-137E-476F-8CA9-E0E9FE3AA76B}.Ad-Hoc|iPhoneSimulator.Build.0 = Release|Any CPU
		{8FB27C8F-137E-476F-8CA9-E0E9FE3AA76B}.Ad-Hoc|iPhoneSimulator.Deploy.0 = Release|Any CPU
		{8FB27C8F-137E-476F-8CA9-E0E9FE3AA76B}.Ad-Hoc|x64.ActiveCfg = Release|Any CPU
		{8FB27C8F-137E-476F-8CA9-E0E9FE3AA76B}.Ad-Hoc|x64.Build.0 = Release|Any CPU
		{8FB27C8F-137E-476F-8CA9-E0E9FE3AA76B}.Ad-Hoc|x64.Deploy.0 = Release|Any CPU
		{8FB27C8F-137E-476F-8CA9-E0E9FE3AA76B}.Ad-Hoc|x86.ActiveCfg = Release|Any CPU
		{8FB27C8F-137E-476F-8CA9-E0E9FE3AA76B}.Ad-Hoc|x86.Build.0 = Release|Any CPU
		{8FB27C8F-137E-476F-8CA9-E0E9FE3AA76B}.Ad-Hoc|x86.Deploy.0 = Release|Any CPU
		{8FB27C8F-137E-476F-8CA9-E0E9FE3AA76B}.AppStore|Any CPU.ActiveCfg = Release|Any CPU
		{8FB27C8F-137E-476F-8CA9-E0E9FE3AA76B}.AppStore|Any CPU.Build.0 = Release|Any CPU
		{8FB27C8F-137E-476F-8CA9-E0E9FE3AA76B}.AppStore|Any CPU.Deploy.0 = Release|Any CPU
		{8FB27C8F-137E-476F-8CA9-E0E9FE3AA76B}.AppStore|ARM.ActiveCfg = Release|Any CPU
		{8FB27C8F-137E-476F-8CA9-E0E9FE3AA76B}.AppStore|ARM.Build.0 = Release|Any CPU
		{8FB27C8F-137E-476F-8CA9-E0E9FE3AA76B}.AppStore|ARM.Deploy.0 = Release|Any CPU
		{8FB27C8F-137E-476F-8CA9-E0E9FE3AA76B}.AppStore|iPhone.ActiveCfg = Release|Any CPU
		{8FB27C8F-137E-476F-8CA9-E0E9FE3AA76B}.AppStore|iPhone.Build.0 = Release|Any CPU
		{8FB27C8F-137E-476F-8CA9-E0E9FE3AA76B}.AppStore|iPhone.Deploy.0 = Release|Any CPU
		{8FB27C8F-137E-476F-8CA9-E0E9FE3AA76B}.AppStore|iPhoneSimulator.ActiveCfg = Release|Any CPU
		{8FB27C8F-137E-476F-8CA9-E0E9FE3AA76B}.AppStore|iPhoneSimulator.Build.0 = Release|Any CPU
		{8FB27C8F-137E-476F-8CA9-E0E9FE3AA76B}.AppStore|iPhoneSimulator.Deploy.0 = Release|Any CPU
		{8FB27C8F-137E-476F-8CA9-E0E9FE3AA76B}.AppStore|x64.ActiveCfg = Release|Any CPU
		{8FB27C8F-137E-476F-8CA9-E0E9FE3AA76B}.AppStore|x64.Build.0 = Release|Any CPU
		{8FB27C8F-137E-476F-8CA9-E0E9FE3AA76B}.AppStore|x64.Deploy.0 = Release|Any CPU
		{8FB27C8F-137E-476F-8CA9-E0E9FE3AA76B}.AppStore|x86.ActiveCfg = Release|Any CPU
		{8FB27C8F-137E-476F-8CA9-E0E9FE3AA76B}.AppStore|x86.Build.0 = Release|Any CPU
		{8FB27C8F-137E-476F-8CA9-E0E9FE3AA76B}.AppStore|x86.Deploy.0 = Release|Any CPU
		{8FB27C8F-137E-476F-8CA9-E0E9FE3AA76B}.Debug|Any CPU.ActiveCfg = Debug|Any CPU
		{8FB27C8F-137E-476F-8CA9-E0E9FE3AA76B}.Debug|Any CPU.Build.0 = Debug|Any CPU
		{8FB27C8F-137E-476F-8CA9-E0E9FE3AA76B}.Debug|Any CPU.Deploy.0 = Debug|Any CPU
		{8FB27C8F-137E-476F-8CA9-E0E9FE3AA76B}.Debug|ARM.ActiveCfg = Debug|Any CPU
		{8FB27C8F-137E-476F-8CA9-E0E9FE3AA76B}.Debug|ARM.Build.0 = Debug|Any CPU
		{8FB27C8F-137E-476F-8CA9-E0E9FE3AA76B}.Debug|ARM.Deploy.0 = Debug|Any CPU
		{8FB27C8F-137E-476F-8CA9-E0E9FE3AA76B}.Debug|iPhone.ActiveCfg = Debug|Any CPU
		{8FB27C8F-137E-476F-8CA9-E0E9FE3AA76B}.Debug|iPhone.Build.0 = Debug|Any CPU
		{8FB27C8F-137E-476F-8CA9-E0E9FE3AA76B}.Debug|iPhone.Deploy.0 = Debug|Any CPU
		{8FB27C8F-137E-476F-8CA9-E0E9FE3AA76B}.Debug|iPhoneSimulator.ActiveCfg = Debug|Any CPU
		{8FB27C8F-137E-476F-8CA9-E0E9FE3AA76B}.Debug|iPhoneSimulator.Build.0 = Debug|Any CPU
		{8FB27C8F-137E-476F-8CA9-E0E9FE3AA76B}.Debug|iPhoneSimulator.Deploy.0 = Debug|Any CPU
		{8FB27C8F-137E-476F-8CA9-E0E9FE3AA76B}.Debug|x64.ActiveCfg = Debug|Any CPU
		{8FB27C8F-137E-476F-8CA9-E0E9FE3AA76B}.Debug|x64.Build.0 = Debug|Any CPU
		{8FB27C8F-137E-476F-8CA9-E0E9FE3AA76B}.Debug|x64.Deploy.0 = Debug|Any CPU
		{8FB27C8F-137E-476F-8CA9-E0E9FE3AA76B}.Debug|x86.ActiveCfg = Debug|Any CPU
		{8FB27C8F-137E-476F-8CA9-E0E9FE3AA76B}.Debug|x86.Build.0 = Debug|Any CPU
		{8FB27C8F-137E-476F-8CA9-E0E9FE3AA76B}.Debug|x86.Deploy.0 = Debug|Any CPU
		{8FB27C8F-137E-476F-8CA9-E0E9FE3AA76B}.Release|Any CPU.ActiveCfg = Release|Any CPU
		{8FB27C8F-137E-476F-8CA9-E0E9FE3AA76B}.Release|Any CPU.Build.0 = Release|Any CPU
		{8FB27C8F-137E-476F-8CA9-E0E9FE3AA76B}.Release|Any CPU.Deploy.0 = Release|Any CPU
		{8FB27C8F-137E-476F-8CA9-E0E9FE3AA76B}.Release|ARM.ActiveCfg = Release|Any CPU
		{8FB27C8F-137E-476F-8CA9-E0E9FE3AA76B}.Release|ARM.Build.0 = Release|Any CPU
		{8FB27C8F-137E-476F-8CA9-E0E9FE3AA76B}.Release|ARM.Deploy.0 = Release|Any CPU
		{8FB27C8F-137E-476F-8CA9-E0E9FE3AA76B}.Release|iPhone.ActiveCfg = Release|Any CPU
		{8FB27C8F-137E-476F-8CA9-E0E9FE3AA76B}.Release|iPhone.Build.0 = Release|Any CPU
		{8FB27C8F-137E-476F-8CA9-E0E9FE3AA76B}.Release|iPhone.Deploy.0 = Release|Any CPU
		{8FB27C8F-137E-476F-8CA9-E0E9FE3AA76B}.Release|iPhoneSimulator.ActiveCfg = Release|Any CPU
		{8FB27C8F-137E-476F-8CA9-E0E9FE3AA76B}.Release|iPhoneSimulator.Build.0 = Release|Any CPU
		{8FB27C8F-137E-476F-8CA9-E0E9FE3AA76B}.Release|iPhoneSimulator.Deploy.0 = Release|Any CPU
		{8FB27C8F-137E-476F-8CA9-E0E9FE3AA76B}.Release|x64.ActiveCfg = Release|Any CPU
		{8FB27C8F-137E-476F-8CA9-E0E9FE3AA76B}.Release|x64.Build.0 = Release|Any CPU
		{8FB27C8F-137E-476F-8CA9-E0E9FE3AA76B}.Release|x64.Deploy.0 = Release|Any CPU
		{8FB27C8F-137E-476F-8CA9-E0E9FE3AA76B}.Release|x86.ActiveCfg = Release|Any CPU
		{8FB27C8F-137E-476F-8CA9-E0E9FE3AA76B}.Release|x86.Build.0 = Release|Any CPU
		{8FB27C8F-137E-476F-8CA9-E0E9FE3AA76B}.Release|x86.Deploy.0 = Release|Any CPU
		{80A96B52-6758-4BDB-B0B4-CEA4CA155C60}.Ad-Hoc|Any CPU.ActiveCfg = Release|iPhoneSimulator
		{80A96B52-6758-4BDB-B0B4-CEA4CA155C60}.Ad-Hoc|Any CPU.Build.0 = Release|iPhoneSimulator
		{80A96B52-6758-4BDB-B0B4-CEA4CA155C60}.Ad-Hoc|ARM.ActiveCfg = Release|iPhoneSimulator
		{80A96B52-6758-4BDB-B0B4-CEA4CA155C60}.Ad-Hoc|ARM.Build.0 = Release|iPhoneSimulator
		{80A96B52-6758-4BDB-B0B4-CEA4CA155C60}.Ad-Hoc|iPhone.ActiveCfg = Release|iPhone
		{80A96B52-6758-4BDB-B0B4-CEA4CA155C60}.Ad-Hoc|iPhone.Build.0 = Release|iPhone
		{80A96B52-6758-4BDB-B0B4-CEA4CA155C60}.Ad-Hoc|iPhoneSimulator.ActiveCfg = Release|iPhoneSimulator
		{80A96B52-6758-4BDB-B0B4-CEA4CA155C60}.Ad-Hoc|iPhoneSimulator.Build.0 = Release|iPhoneSimulator
		{80A96B52-6758-4BDB-B0B4-CEA4CA155C60}.Ad-Hoc|x64.ActiveCfg = Release|iPhoneSimulator
		{80A96B52-6758-4BDB-B0B4-CEA4CA155C60}.Ad-Hoc|x64.Build.0 = Release|iPhoneSimulator
		{80A96B52-6758-4BDB-B0B4-CEA4CA155C60}.Ad-Hoc|x86.ActiveCfg = Release|iPhoneSimulator
		{80A96B52-6758-4BDB-B0B4-CEA4CA155C60}.Ad-Hoc|x86.Build.0 = Release|iPhoneSimulator
		{80A96B52-6758-4BDB-B0B4-CEA4CA155C60}.AppStore|Any CPU.ActiveCfg = Release|iPhoneSimulator
		{80A96B52-6758-4BDB-B0B4-CEA4CA155C60}.AppStore|Any CPU.Build.0 = Release|iPhoneSimulator
		{80A96B52-6758-4BDB-B0B4-CEA4CA155C60}.AppStore|ARM.ActiveCfg = Release|iPhoneSimulator
		{80A96B52-6758-4BDB-B0B4-CEA4CA155C60}.AppStore|ARM.Build.0 = Release|iPhoneSimulator
		{80A96B52-6758-4BDB-B0B4-CEA4CA155C60}.AppStore|iPhone.ActiveCfg = Release|iPhone
		{80A96B52-6758-4BDB-B0B4-CEA4CA155C60}.AppStore|iPhone.Build.0 = Release|iPhone
		{80A96B52-6758-4BDB-B0B4-CEA4CA155C60}.AppStore|iPhoneSimulator.ActiveCfg = Release|iPhoneSimulator
		{80A96B52-6758-4BDB-B0B4-CEA4CA155C60}.AppStore|iPhoneSimulator.Build.0 = Release|iPhoneSimulator
		{80A96B52-6758-4BDB-B0B4-CEA4CA155C60}.AppStore|x64.ActiveCfg = Release|iPhoneSimulator
		{80A96B52-6758-4BDB-B0B4-CEA4CA155C60}.AppStore|x64.Build.0 = Release|iPhoneSimulator
		{80A96B52-6758-4BDB-B0B4-CEA4CA155C60}.AppStore|x86.ActiveCfg = Release|iPhoneSimulator
		{80A96B52-6758-4BDB-B0B4-CEA4CA155C60}.AppStore|x86.Build.0 = Release|iPhoneSimulator
		{80A96B52-6758-4BDB-B0B4-CEA4CA155C60}.Debug|Any CPU.ActiveCfg = Debug|iPhone
		{80A96B52-6758-4BDB-B0B4-CEA4CA155C60}.Debug|ARM.ActiveCfg = Debug|iPhone
		{80A96B52-6758-4BDB-B0B4-CEA4CA155C60}.Debug|iPhone.ActiveCfg = Debug|iPhone
		{80A96B52-6758-4BDB-B0B4-CEA4CA155C60}.Debug|iPhone.Build.0 = Debug|iPhone
		{80A96B52-6758-4BDB-B0B4-CEA4CA155C60}.Debug|iPhoneSimulator.ActiveCfg = Debug|iPhoneSimulator
		{80A96B52-6758-4BDB-B0B4-CEA4CA155C60}.Debug|iPhoneSimulator.Build.0 = Debug|iPhoneSimulator
		{80A96B52-6758-4BDB-B0B4-CEA4CA155C60}.Debug|x64.ActiveCfg = Debug|iPhone
		{80A96B52-6758-4BDB-B0B4-CEA4CA155C60}.Debug|x86.ActiveCfg = Debug|iPhone
		{80A96B52-6758-4BDB-B0B4-CEA4CA155C60}.Release|Any CPU.ActiveCfg = Release|iPhone
		{80A96B52-6758-4BDB-B0B4-CEA4CA155C60}.Release|ARM.ActiveCfg = Release|iPhone
		{80A96B52-6758-4BDB-B0B4-CEA4CA155C60}.Release|iPhone.ActiveCfg = Release|iPhone
		{80A96B52-6758-4BDB-B0B4-CEA4CA155C60}.Release|iPhone.Build.0 = Release|iPhone
		{80A96B52-6758-4BDB-B0B4-CEA4CA155C60}.Release|iPhoneSimulator.ActiveCfg = Release|iPhoneSimulator
		{80A96B52-6758-4BDB-B0B4-CEA4CA155C60}.Release|iPhoneSimulator.Build.0 = Release|iPhoneSimulator
		{80A96B52-6758-4BDB-B0B4-CEA4CA155C60}.Release|x64.ActiveCfg = Release|iPhone
		{80A96B52-6758-4BDB-B0B4-CEA4CA155C60}.Release|x86.ActiveCfg = Release|iPhone
		{D3F477EB-5088-4871-9FC1-D493811E12A6}.Ad-Hoc|Any CPU.ActiveCfg = Release|Any CPU
		{D3F477EB-5088-4871-9FC1-D493811E12A6}.Ad-Hoc|Any CPU.Build.0 = Release|Any CPU
		{D3F477EB-5088-4871-9FC1-D493811E12A6}.Ad-Hoc|Any CPU.Deploy.0 = Release|Any CPU
		{D3F477EB-5088-4871-9FC1-D493811E12A6}.Ad-Hoc|ARM.ActiveCfg = Release|Any CPU
		{D3F477EB-5088-4871-9FC1-D493811E12A6}.Ad-Hoc|ARM.Build.0 = Release|Any CPU
		{D3F477EB-5088-4871-9FC1-D493811E12A6}.Ad-Hoc|ARM.Deploy.0 = Release|Any CPU
		{D3F477EB-5088-4871-9FC1-D493811E12A6}.Ad-Hoc|iPhone.ActiveCfg = Release|Any CPU
		{D3F477EB-5088-4871-9FC1-D493811E12A6}.Ad-Hoc|iPhone.Build.0 = Release|Any CPU
		{D3F477EB-5088-4871-9FC1-D493811E12A6}.Ad-Hoc|iPhone.Deploy.0 = Release|Any CPU
		{D3F477EB-5088-4871-9FC1-D493811E12A6}.Ad-Hoc|iPhoneSimulator.ActiveCfg = Release|Any CPU
		{D3F477EB-5088-4871-9FC1-D493811E12A6}.Ad-Hoc|iPhoneSimulator.Build.0 = Release|Any CPU
		{D3F477EB-5088-4871-9FC1-D493811E12A6}.Ad-Hoc|iPhoneSimulator.Deploy.0 = Release|Any CPU
		{D3F477EB-5088-4871-9FC1-D493811E12A6}.Ad-Hoc|x64.ActiveCfg = Release|Any CPU
		{D3F477EB-5088-4871-9FC1-D493811E12A6}.Ad-Hoc|x64.Build.0 = Release|Any CPU
		{D3F477EB-5088-4871-9FC1-D493811E12A6}.Ad-Hoc|x64.Deploy.0 = Release|Any CPU
		{D3F477EB-5088-4871-9FC1-D493811E12A6}.Ad-Hoc|x86.ActiveCfg = Release|Any CPU
		{D3F477EB-5088-4871-9FC1-D493811E12A6}.Ad-Hoc|x86.Build.0 = Release|Any CPU
		{D3F477EB-5088-4871-9FC1-D493811E12A6}.Ad-Hoc|x86.Deploy.0 = Release|Any CPU
		{D3F477EB-5088-4871-9FC1-D493811E12A6}.AppStore|Any CPU.ActiveCfg = Release|Any CPU
		{D3F477EB-5088-4871-9FC1-D493811E12A6}.AppStore|Any CPU.Build.0 = Release|Any CPU
		{D3F477EB-5088-4871-9FC1-D493811E12A6}.AppStore|Any CPU.Deploy.0 = Release|Any CPU
		{D3F477EB-5088-4871-9FC1-D493811E12A6}.AppStore|ARM.ActiveCfg = Release|Any CPU
		{D3F477EB-5088-4871-9FC1-D493811E12A6}.AppStore|ARM.Build.0 = Release|Any CPU
		{D3F477EB-5088-4871-9FC1-D493811E12A6}.AppStore|ARM.Deploy.0 = Release|Any CPU
		{D3F477EB-5088-4871-9FC1-D493811E12A6}.AppStore|iPhone.ActiveCfg = Release|Any CPU
		{D3F477EB-5088-4871-9FC1-D493811E12A6}.AppStore|iPhone.Build.0 = Release|Any CPU
		{D3F477EB-5088-4871-9FC1-D493811E12A6}.AppStore|iPhone.Deploy.0 = Release|Any CPU
		{D3F477EB-5088-4871-9FC1-D493811E12A6}.AppStore|iPhoneSimulator.ActiveCfg = Release|Any CPU
		{D3F477EB-5088-4871-9FC1-D493811E12A6}.AppStore|iPhoneSimulator.Build.0 = Release|Any CPU
		{D3F477EB-5088-4871-9FC1-D493811E12A6}.AppStore|iPhoneSimulator.Deploy.0 = Release|Any CPU
		{D3F477EB-5088-4871-9FC1-D493811E12A6}.AppStore|x64.ActiveCfg = Release|Any CPU
		{D3F477EB-5088-4871-9FC1-D493811E12A6}.AppStore|x64.Build.0 = Release|Any CPU
		{D3F477EB-5088-4871-9FC1-D493811E12A6}.AppStore|x64.Deploy.0 = Release|Any CPU
		{D3F477EB-5088-4871-9FC1-D493811E12A6}.AppStore|x86.ActiveCfg = Release|Any CPU
		{D3F477EB-5088-4871-9FC1-D493811E12A6}.AppStore|x86.Build.0 = Release|Any CPU
		{D3F477EB-5088-4871-9FC1-D493811E12A6}.AppStore|x86.Deploy.0 = Release|Any CPU
		{D3F477EB-5088-4871-9FC1-D493811E12A6}.Debug|Any CPU.ActiveCfg = Debug|Any CPU
		{D3F477EB-5088-4871-9FC1-D493811E12A6}.Debug|Any CPU.Build.0 = Debug|Any CPU
		{D3F477EB-5088-4871-9FC1-D493811E12A6}.Debug|Any CPU.Deploy.0 = Debug|Any CPU
		{D3F477EB-5088-4871-9FC1-D493811E12A6}.Debug|ARM.ActiveCfg = Debug|Any CPU
		{D3F477EB-5088-4871-9FC1-D493811E12A6}.Debug|ARM.Build.0 = Debug|Any CPU
		{D3F477EB-5088-4871-9FC1-D493811E12A6}.Debug|ARM.Deploy.0 = Debug|Any CPU
		{D3F477EB-5088-4871-9FC1-D493811E12A6}.Debug|iPhone.ActiveCfg = Debug|Any CPU
		{D3F477EB-5088-4871-9FC1-D493811E12A6}.Debug|iPhone.Build.0 = Debug|Any CPU
		{D3F477EB-5088-4871-9FC1-D493811E12A6}.Debug|iPhone.Deploy.0 = Debug|Any CPU
		{D3F477EB-5088-4871-9FC1-D493811E12A6}.Debug|iPhoneSimulator.ActiveCfg = Debug|Any CPU
		{D3F477EB-5088-4871-9FC1-D493811E12A6}.Debug|iPhoneSimulator.Build.0 = Debug|Any CPU
		{D3F477EB-5088-4871-9FC1-D493811E12A6}.Debug|iPhoneSimulator.Deploy.0 = Debug|Any CPU
		{D3F477EB-5088-4871-9FC1-D493811E12A6}.Debug|x64.ActiveCfg = Debug|Any CPU
		{D3F477EB-5088-4871-9FC1-D493811E12A6}.Debug|x64.Build.0 = Debug|Any CPU
		{D3F477EB-5088-4871-9FC1-D493811E12A6}.Debug|x64.Deploy.0 = Debug|Any CPU
		{D3F477EB-5088-4871-9FC1-D493811E12A6}.Debug|x86.ActiveCfg = Debug|Any CPU
		{D3F477EB-5088-4871-9FC1-D493811E12A6}.Debug|x86.Build.0 = Debug|Any CPU
		{D3F477EB-5088-4871-9FC1-D493811E12A6}.Debug|x86.Deploy.0 = Debug|Any CPU
		{D3F477EB-5088-4871-9FC1-D493811E12A6}.Release|Any CPU.ActiveCfg = Release|Any CPU
		{D3F477EB-5088-4871-9FC1-D493811E12A6}.Release|Any CPU.Build.0 = Release|Any CPU
		{D3F477EB-5088-4871-9FC1-D493811E12A6}.Release|Any CPU.Deploy.0 = Release|Any CPU
		{D3F477EB-5088-4871-9FC1-D493811E12A6}.Release|ARM.ActiveCfg = Release|Any CPU
		{D3F477EB-5088-4871-9FC1-D493811E12A6}.Release|ARM.Build.0 = Release|Any CPU
		{D3F477EB-5088-4871-9FC1-D493811E12A6}.Release|ARM.Deploy.0 = Release|Any CPU
		{D3F477EB-5088-4871-9FC1-D493811E12A6}.Release|iPhone.ActiveCfg = Release|Any CPU
		{D3F477EB-5088-4871-9FC1-D493811E12A6}.Release|iPhone.Build.0 = Release|Any CPU
		{D3F477EB-5088-4871-9FC1-D493811E12A6}.Release|iPhone.Deploy.0 = Release|Any CPU
		{D3F477EB-5088-4871-9FC1-D493811E12A6}.Release|iPhoneSimulator.ActiveCfg = Release|Any CPU
		{D3F477EB-5088-4871-9FC1-D493811E12A6}.Release|iPhoneSimulator.Build.0 = Release|Any CPU
		{D3F477EB-5088-4871-9FC1-D493811E12A6}.Release|iPhoneSimulator.Deploy.0 = Release|Any CPU
		{D3F477EB-5088-4871-9FC1-D493811E12A6}.Release|x64.ActiveCfg = Release|Any CPU
		{D3F477EB-5088-4871-9FC1-D493811E12A6}.Release|x64.Build.0 = Release|Any CPU
		{D3F477EB-5088-4871-9FC1-D493811E12A6}.Release|x64.Deploy.0 = Release|Any CPU
		{D3F477EB-5088-4871-9FC1-D493811E12A6}.Release|x86.ActiveCfg = Release|Any CPU
		{D3F477EB-5088-4871-9FC1-D493811E12A6}.Release|x86.Build.0 = Release|Any CPU
		{D3F477EB-5088-4871-9FC1-D493811E12A6}.Release|x86.Deploy.0 = Release|Any CPU
		{B283C09E-261C-458D-A7FE-AA22E674EDA7}.Ad-Hoc|Any CPU.ActiveCfg = Ad-Hoc|iPhone
		{B283C09E-261C-458D-A7FE-AA22E674EDA7}.Ad-Hoc|ARM.ActiveCfg = Ad-Hoc|iPhone
		{B283C09E-261C-458D-A7FE-AA22E674EDA7}.Ad-Hoc|iPhone.ActiveCfg = Ad-Hoc|iPhone
		{B283C09E-261C-458D-A7FE-AA22E674EDA7}.Ad-Hoc|iPhone.Build.0 = Ad-Hoc|iPhone
		{B283C09E-261C-458D-A7FE-AA22E674EDA7}.Ad-Hoc|iPhoneSimulator.ActiveCfg = Ad-Hoc|iPhoneSimulator
		{B283C09E-261C-458D-A7FE-AA22E674EDA7}.Ad-Hoc|iPhoneSimulator.Build.0 = Ad-Hoc|iPhoneSimulator
		{B283C09E-261C-458D-A7FE-AA22E674EDA7}.Ad-Hoc|x64.ActiveCfg = Ad-Hoc|iPhone
		{B283C09E-261C-458D-A7FE-AA22E674EDA7}.Ad-Hoc|x86.ActiveCfg = Ad-Hoc|iPhone
		{B283C09E-261C-458D-A7FE-AA22E674EDA7}.AppStore|Any CPU.ActiveCfg = AppStore|iPhone
		{B283C09E-261C-458D-A7FE-AA22E674EDA7}.AppStore|ARM.ActiveCfg = AppStore|iPhone
		{B283C09E-261C-458D-A7FE-AA22E674EDA7}.AppStore|iPhone.ActiveCfg = AppStore|iPhone
		{B283C09E-261C-458D-A7FE-AA22E674EDA7}.AppStore|iPhone.Build.0 = AppStore|iPhone
		{B283C09E-261C-458D-A7FE-AA22E674EDA7}.AppStore|iPhoneSimulator.ActiveCfg = AppStore|iPhoneSimulator
		{B283C09E-261C-458D-A7FE-AA22E674EDA7}.AppStore|iPhoneSimulator.Build.0 = AppStore|iPhoneSimulator
		{B283C09E-261C-458D-A7FE-AA22E674EDA7}.AppStore|x64.ActiveCfg = AppStore|iPhone
		{B283C09E-261C-458D-A7FE-AA22E674EDA7}.AppStore|x86.ActiveCfg = AppStore|iPhone
		{B283C09E-261C-458D-A7FE-AA22E674EDA7}.Debug|Any CPU.ActiveCfg = Debug|iPhone
		{B283C09E-261C-458D-A7FE-AA22E674EDA7}.Debug|ARM.ActiveCfg = Debug|iPhone
		{B283C09E-261C-458D-A7FE-AA22E674EDA7}.Debug|iPhone.ActiveCfg = Debug|iPhone
		{B283C09E-261C-458D-A7FE-AA22E674EDA7}.Debug|iPhone.Build.0 = Debug|iPhone
		{B283C09E-261C-458D-A7FE-AA22E674EDA7}.Debug|iPhoneSimulator.ActiveCfg = Debug|iPhoneSimulator
		{B283C09E-261C-458D-A7FE-AA22E674EDA7}.Debug|iPhoneSimulator.Build.0 = Debug|iPhoneSimulator
		{B283C09E-261C-458D-A7FE-AA22E674EDA7}.Debug|x64.ActiveCfg = Debug|iPhone
		{B283C09E-261C-458D-A7FE-AA22E674EDA7}.Debug|x86.ActiveCfg = Debug|iPhone
		{B283C09E-261C-458D-A7FE-AA22E674EDA7}.Release|Any CPU.ActiveCfg = Release|iPhone
		{B283C09E-261C-458D-A7FE-AA22E674EDA7}.Release|ARM.ActiveCfg = Release|iPhone
		{B283C09E-261C-458D-A7FE-AA22E674EDA7}.Release|iPhone.ActiveCfg = Release|iPhone
		{B283C09E-261C-458D-A7FE-AA22E674EDA7}.Release|iPhone.Build.0 = Release|iPhone
		{B283C09E-261C-458D-A7FE-AA22E674EDA7}.Release|iPhoneSimulator.ActiveCfg = Release|iPhoneSimulator
		{B283C09E-261C-458D-A7FE-AA22E674EDA7}.Release|iPhoneSimulator.Build.0 = Release|iPhoneSimulator
		{B283C09E-261C-458D-A7FE-AA22E674EDA7}.Release|x64.ActiveCfg = Release|iPhone
		{B283C09E-261C-458D-A7FE-AA22E674EDA7}.Release|x86.ActiveCfg = Release|iPhone
		{F13AAEE9-0258-4713-A974-3E6E9B4CA7D8}.Ad-Hoc|Any CPU.ActiveCfg = Release|x86
		{F13AAEE9-0258-4713-A974-3E6E9B4CA7D8}.Ad-Hoc|Any CPU.Build.0 = Release|x86
		{F13AAEE9-0258-4713-A974-3E6E9B4CA7D8}.Ad-Hoc|Any CPU.Deploy.0 = Release|x86
		{F13AAEE9-0258-4713-A974-3E6E9B4CA7D8}.Ad-Hoc|ARM.ActiveCfg = Release|ARM
		{F13AAEE9-0258-4713-A974-3E6E9B4CA7D8}.Ad-Hoc|ARM.Build.0 = Release|ARM
		{F13AAEE9-0258-4713-A974-3E6E9B4CA7D8}.Ad-Hoc|ARM.Deploy.0 = Release|ARM
		{F13AAEE9-0258-4713-A974-3E6E9B4CA7D8}.Ad-Hoc|iPhone.ActiveCfg = Release|x86
		{F13AAEE9-0258-4713-A974-3E6E9B4CA7D8}.Ad-Hoc|iPhone.Build.0 = Release|x86
		{F13AAEE9-0258-4713-A974-3E6E9B4CA7D8}.Ad-Hoc|iPhone.Deploy.0 = Release|x86
		{F13AAEE9-0258-4713-A974-3E6E9B4CA7D8}.Ad-Hoc|iPhoneSimulator.ActiveCfg = Release|x86
		{F13AAEE9-0258-4713-A974-3E6E9B4CA7D8}.Ad-Hoc|iPhoneSimulator.Build.0 = Release|x86
		{F13AAEE9-0258-4713-A974-3E6E9B4CA7D8}.Ad-Hoc|iPhoneSimulator.Deploy.0 = Release|x86
		{F13AAEE9-0258-4713-A974-3E6E9B4CA7D8}.Ad-Hoc|x64.ActiveCfg = Release|x64
		{F13AAEE9-0258-4713-A974-3E6E9B4CA7D8}.Ad-Hoc|x64.Build.0 = Release|x64
		{F13AAEE9-0258-4713-A974-3E6E9B4CA7D8}.Ad-Hoc|x64.Deploy.0 = Release|x64
		{F13AAEE9-0258-4713-A974-3E6E9B4CA7D8}.Ad-Hoc|x86.ActiveCfg = Release|x86
		{F13AAEE9-0258-4713-A974-3E6E9B4CA7D8}.Ad-Hoc|x86.Build.0 = Release|x86
		{F13AAEE9-0258-4713-A974-3E6E9B4CA7D8}.Ad-Hoc|x86.Deploy.0 = Release|x86
		{F13AAEE9-0258-4713-A974-3E6E9B4CA7D8}.AppStore|Any CPU.ActiveCfg = Release|x86
		{F13AAEE9-0258-4713-A974-3E6E9B4CA7D8}.AppStore|Any CPU.Build.0 = Release|x86
		{F13AAEE9-0258-4713-A974-3E6E9B4CA7D8}.AppStore|Any CPU.Deploy.0 = Release|x86
		{F13AAEE9-0258-4713-A974-3E6E9B4CA7D8}.AppStore|ARM.ActiveCfg = Release|ARM
		{F13AAEE9-0258-4713-A974-3E6E9B4CA7D8}.AppStore|ARM.Build.0 = Release|ARM
		{F13AAEE9-0258-4713-A974-3E6E9B4CA7D8}.AppStore|ARM.Deploy.0 = Release|ARM
		{F13AAEE9-0258-4713-A974-3E6E9B4CA7D8}.AppStore|iPhone.ActiveCfg = Release|x86
		{F13AAEE9-0258-4713-A974-3E6E9B4CA7D8}.AppStore|iPhone.Build.0 = Release|x86
		{F13AAEE9-0258-4713-A974-3E6E9B4CA7D8}.AppStore|iPhone.Deploy.0 = Release|x86
		{F13AAEE9-0258-4713-A974-3E6E9B4CA7D8}.AppStore|iPhoneSimulator.ActiveCfg = Release|x86
		{F13AAEE9-0258-4713-A974-3E6E9B4CA7D8}.AppStore|iPhoneSimulator.Build.0 = Release|x86
		{F13AAEE9-0258-4713-A974-3E6E9B4CA7D8}.AppStore|iPhoneSimulator.Deploy.0 = Release|x86
		{F13AAEE9-0258-4713-A974-3E6E9B4CA7D8}.AppStore|x64.ActiveCfg = Release|x64
		{F13AAEE9-0258-4713-A974-3E6E9B4CA7D8}.AppStore|x64.Build.0 = Release|x64
		{F13AAEE9-0258-4713-A974-3E6E9B4CA7D8}.AppStore|x64.Deploy.0 = Release|x64
		{F13AAEE9-0258-4713-A974-3E6E9B4CA7D8}.AppStore|x86.ActiveCfg = Release|x86
		{F13AAEE9-0258-4713-A974-3E6E9B4CA7D8}.AppStore|x86.Build.0 = Release|x86
		{F13AAEE9-0258-4713-A974-3E6E9B4CA7D8}.AppStore|x86.Deploy.0 = Release|x86
		{F13AAEE9-0258-4713-A974-3E6E9B4CA7D8}.Debug|Any CPU.ActiveCfg = Debug|x86
		{F13AAEE9-0258-4713-A974-3E6E9B4CA7D8}.Debug|ARM.ActiveCfg = Debug|ARM
		{F13AAEE9-0258-4713-A974-3E6E9B4CA7D8}.Debug|ARM.Build.0 = Debug|ARM
		{F13AAEE9-0258-4713-A974-3E6E9B4CA7D8}.Debug|ARM.Deploy.0 = Debug|ARM
		{F13AAEE9-0258-4713-A974-3E6E9B4CA7D8}.Debug|iPhone.ActiveCfg = Debug|x86
		{F13AAEE9-0258-4713-A974-3E6E9B4CA7D8}.Debug|iPhoneSimulator.ActiveCfg = Debug|x86
		{F13AAEE9-0258-4713-A974-3E6E9B4CA7D8}.Debug|x64.ActiveCfg = Debug|x64
		{F13AAEE9-0258-4713-A974-3E6E9B4CA7D8}.Debug|x64.Build.0 = Debug|x64
		{F13AAEE9-0258-4713-A974-3E6E9B4CA7D8}.Debug|x64.Deploy.0 = Debug|x64
		{F13AAEE9-0258-4713-A974-3E6E9B4CA7D8}.Debug|x86.ActiveCfg = Debug|x86
		{F13AAEE9-0258-4713-A974-3E6E9B4CA7D8}.Debug|x86.Build.0 = Debug|x86
		{F13AAEE9-0258-4713-A974-3E6E9B4CA7D8}.Debug|x86.Deploy.0 = Debug|x86
		{F13AAEE9-0258-4713-A974-3E6E9B4CA7D8}.Release|Any CPU.ActiveCfg = Release|x86
		{F13AAEE9-0258-4713-A974-3E6E9B4CA7D8}.Release|ARM.ActiveCfg = Release|ARM
		{F13AAEE9-0258-4713-A974-3E6E9B4CA7D8}.Release|ARM.Build.0 = Release|ARM
		{F13AAEE9-0258-4713-A974-3E6E9B4CA7D8}.Release|ARM.Deploy.0 = Release|ARM
		{F13AAEE9-0258-4713-A974-3E6E9B4CA7D8}.Release|iPhone.ActiveCfg = Release|x86
		{F13AAEE9-0258-4713-A974-3E6E9B4CA7D8}.Release|iPhoneSimulator.ActiveCfg = Release|x86
		{F13AAEE9-0258-4713-A974-3E6E9B4CA7D8}.Release|x64.ActiveCfg = Release|x64
		{F13AAEE9-0258-4713-A974-3E6E9B4CA7D8}.Release|x64.Build.0 = Release|x64
		{F13AAEE9-0258-4713-A974-3E6E9B4CA7D8}.Release|x64.Deploy.0 = Release|x64
		{F13AAEE9-0258-4713-A974-3E6E9B4CA7D8}.Release|x86.ActiveCfg = Release|x86
		{F13AAEE9-0258-4713-A974-3E6E9B4CA7D8}.Release|x86.Build.0 = Release|x86
		{F13AAEE9-0258-4713-A974-3E6E9B4CA7D8}.Release|x86.Deploy.0 = Release|x86
		{6B65047B-3553-4678-9D4B-AF13DADA5350}.Ad-Hoc|Any CPU.ActiveCfg = Debug|Any CPU
		{6B65047B-3553-4678-9D4B-AF13DADA5350}.Ad-Hoc|Any CPU.Build.0 = Debug|Any CPU
		{6B65047B-3553-4678-9D4B-AF13DADA5350}.Ad-Hoc|ARM.ActiveCfg = Debug|Any CPU
		{6B65047B-3553-4678-9D4B-AF13DADA5350}.Ad-Hoc|ARM.Build.0 = Debug|Any CPU
		{6B65047B-3553-4678-9D4B-AF13DADA5350}.Ad-Hoc|iPhone.ActiveCfg = Debug|Any CPU
		{6B65047B-3553-4678-9D4B-AF13DADA5350}.Ad-Hoc|iPhone.Build.0 = Debug|Any CPU
		{6B65047B-3553-4678-9D4B-AF13DADA5350}.Ad-Hoc|iPhoneSimulator.ActiveCfg = Debug|Any CPU
		{6B65047B-3553-4678-9D4B-AF13DADA5350}.Ad-Hoc|iPhoneSimulator.Build.0 = Debug|Any CPU
		{6B65047B-3553-4678-9D4B-AF13DADA5350}.Ad-Hoc|x64.ActiveCfg = Debug|Any CPU
		{6B65047B-3553-4678-9D4B-AF13DADA5350}.Ad-Hoc|x64.Build.0 = Debug|Any CPU
		{6B65047B-3553-4678-9D4B-AF13DADA5350}.Ad-Hoc|x86.ActiveCfg = Debug|Any CPU
		{6B65047B-3553-4678-9D4B-AF13DADA5350}.Ad-Hoc|x86.Build.0 = Debug|Any CPU
		{6B65047B-3553-4678-9D4B-AF13DADA5350}.AppStore|Any CPU.ActiveCfg = Debug|Any CPU
		{6B65047B-3553-4678-9D4B-AF13DADA5350}.AppStore|Any CPU.Build.0 = Debug|Any CPU
		{6B65047B-3553-4678-9D4B-AF13DADA5350}.AppStore|ARM.ActiveCfg = Debug|Any CPU
		{6B65047B-3553-4678-9D4B-AF13DADA5350}.AppStore|ARM.Build.0 = Debug|Any CPU
		{6B65047B-3553-4678-9D4B-AF13DADA5350}.AppStore|iPhone.ActiveCfg = Debug|Any CPU
		{6B65047B-3553-4678-9D4B-AF13DADA5350}.AppStore|iPhone.Build.0 = Debug|Any CPU
		{6B65047B-3553-4678-9D4B-AF13DADA5350}.AppStore|iPhoneSimulator.ActiveCfg = Debug|Any CPU
		{6B65047B-3553-4678-9D4B-AF13DADA5350}.AppStore|iPhoneSimulator.Build.0 = Debug|Any CPU
		{6B65047B-3553-4678-9D4B-AF13DADA5350}.AppStore|x64.ActiveCfg = Debug|Any CPU
		{6B65047B-3553-4678-9D4B-AF13DADA5350}.AppStore|x64.Build.0 = Debug|Any CPU
		{6B65047B-3553-4678-9D4B-AF13DADA5350}.AppStore|x86.ActiveCfg = Debug|Any CPU
		{6B65047B-3553-4678-9D4B-AF13DADA5350}.AppStore|x86.Build.0 = Debug|Any CPU
		{6B65047B-3553-4678-9D4B-AF13DADA5350}.Debug|Any CPU.ActiveCfg = Debug|Any CPU
		{6B65047B-3553-4678-9D4B-AF13DADA5350}.Debug|Any CPU.Build.0 = Debug|Any CPU
		{6B65047B-3553-4678-9D4B-AF13DADA5350}.Debug|ARM.ActiveCfg = Debug|Any CPU
		{6B65047B-3553-4678-9D4B-AF13DADA5350}.Debug|ARM.Build.0 = Debug|Any CPU
		{6B65047B-3553-4678-9D4B-AF13DADA5350}.Debug|iPhone.ActiveCfg = Debug|Any CPU
		{6B65047B-3553-4678-9D4B-AF13DADA5350}.Debug|iPhone.Build.0 = Debug|Any CPU
		{6B65047B-3553-4678-9D4B-AF13DADA5350}.Debug|iPhoneSimulator.ActiveCfg = Debug|Any CPU
		{6B65047B-3553-4678-9D4B-AF13DADA5350}.Debug|iPhoneSimulator.Build.0 = Debug|Any CPU
		{6B65047B-3553-4678-9D4B-AF13DADA5350}.Debug|x64.ActiveCfg = Debug|Any CPU
		{6B65047B-3553-4678-9D4B-AF13DADA5350}.Debug|x64.Build.0 = Debug|Any CPU
		{6B65047B-3553-4678-9D4B-AF13DADA5350}.Debug|x86.ActiveCfg = Debug|Any CPU
		{6B65047B-3553-4678-9D4B-AF13DADA5350}.Debug|x86.Build.0 = Debug|Any CPU
		{6B65047B-3553-4678-9D4B-AF13DADA5350}.Release|Any CPU.ActiveCfg = Release|Any CPU
		{6B65047B-3553-4678-9D4B-AF13DADA5350}.Release|Any CPU.Build.0 = Release|Any CPU
		{6B65047B-3553-4678-9D4B-AF13DADA5350}.Release|ARM.ActiveCfg = Release|Any CPU
		{6B65047B-3553-4678-9D4B-AF13DADA5350}.Release|ARM.Build.0 = Release|Any CPU
		{6B65047B-3553-4678-9D4B-AF13DADA5350}.Release|iPhone.ActiveCfg = Release|Any CPU
		{6B65047B-3553-4678-9D4B-AF13DADA5350}.Release|iPhone.Build.0 = Release|Any CPU
		{6B65047B-3553-4678-9D4B-AF13DADA5350}.Release|iPhoneSimulator.ActiveCfg = Release|Any CPU
		{6B65047B-3553-4678-9D4B-AF13DADA5350}.Release|iPhoneSimulator.Build.0 = Release|Any CPU
		{6B65047B-3553-4678-9D4B-AF13DADA5350}.Release|x64.ActiveCfg = Release|Any CPU
		{6B65047B-3553-4678-9D4B-AF13DADA5350}.Release|x64.Build.0 = Release|Any CPU
		{6B65047B-3553-4678-9D4B-AF13DADA5350}.Release|x86.ActiveCfg = Release|Any CPU
		{6B65047B-3553-4678-9D4B-AF13DADA5350}.Release|x86.Build.0 = Release|Any CPU
	EndGlobalSection
	GlobalSection(SolutionProperties) = preSolution
		HideSolutionNode = FALSE
	EndGlobalSection
	GlobalSection(ExtensibilityGlobals) = postSolution
		SolutionGuid = {9BEADE3A-59DA-4B5D-B9FC-F985BE40B800}
	EndGlobalSection
EndGlobal
