
Microsoft Visual Studio Solution File, Format Version 12.00
# Visual Studio 15
VisualStudioVersion = 15.0.27604.0
MinimumVisualStudioVersion = 10.0.40219.1
Project("{FAE04EC0-301F-11D3-BF4B-00C04F79EFBC}") = "TipCalc.Core", "TipCalc.Core\TipCalc.Core.csproj", "{BC0870A7-959C-41D6-953B-96645B69ADC4}"
EndProject
Project("{FAE04EC0-301F-11D3-BF4B-00C04F79EFBC}") = "TipCalc.Uwp", "TipCalc.Uwp\TipCalc.Uwp.csproj", "{57B48AD9-3396-49E2-8969-72CC00ED2EF6}"
EndProject
Project("{FAE04EC0-301F-11D3-BF4B-00C04F79EFBC}") = "TipCalc.Droid", "TipCalc.Droid\TipCalc.Droid.csproj", "{8FB27C8F-137E-476F-8CA9-E0E9FE3AA76B}"
EndProject
Project("{FAE04EC0-301F-11D3-BF4B-00C04F79EFBC}") = "TipCalc.iOS", "TipCalc.iOS\TipCalc.iOS.csproj", "{80A96B52-6758-4BDB-B0B4-CEA4CA155C60}"
EndProject
Global
	GlobalSection(SolutionConfigurationPlatforms) = preSolution
		Debug|Any CPU = Debug|Any CPU
		Debug|ARM = Debug|ARM
		Debug|iPhone = Debug|iPhone
		Debug|iPhoneSimulator = Debug|iPhoneSimulator
		Debug|x64 = Debug|x64
		Debug|x86 = Debug|x86
		Release|Any CPU = Release|Any CPU
		Release|ARM = Release|ARM
		Release|iPhone = Release|iPhone
		Release|iPhoneSimulator = Release|iPhoneSimulator
		Release|x64 = Release|x64
		Release|x86 = Release|x86
	EndGlobalSection
	GlobalSection(ProjectConfigurationPlatforms) = postSolution
		{BC0870A7-959C-41D6-953B-96645B69ADC4}.Debug|Any CPU.ActiveCfg = Debug|Any CPU
		{BC0870A7-959C-41D6-953B-96645B69ADC4}.Debug|Any CPU.Build.0 = Debug|Any CPU
		{BC0870A7-959C-41D6-953B-96645B69ADC4}.Debug|ARM.ActiveCfg = Debug|Any CPU
		{BC0870A7-959C-41D6-953B-96645B69ADC4}.Debug|ARM.Build.0 = Debug|Any CPU
		{BC0870A7-959C-41D6-953B-96645B69ADC4}.Debug|iPhone.ActiveCfg = Debug|Any CPU
		{BC0870A7-959C-41D6-953B-96645B69ADC4}.Debug|iPhone.Build.0 = Debug|Any CPU
		{BC0870A7-959C-41D6-953B-96645B69ADC4}.Debug|iPhoneSimulator.ActiveCfg = Debug|Any CPU
		{BC0870A7-959C-41D6-953B-96645B69ADC4}.Debug|iPhoneSimulator.Build.0 = Debug|Any CPU
		{BC0870A7-959C-41D6-953B-96645B69ADC4}.Debug|x64.ActiveCfg = Debug|Any CPU
		{BC0870A7-959C-41D6-953B-96645B69ADC4}.Debug|x64.Build.0 = Debug|Any CPU
		{BC0870A7-959C-41D6-953B-96645B69ADC4}.Debug|x86.ActiveCfg = Debug|Any CPU
		{BC0870A7-959C-41D6-953B-96645B69ADC4}.Debug|x86.Build.0 = Debug|Any CPU
		{BC0870A7-959C-41D6-953B-96645B69ADC4}.Release|Any CPU.ActiveCfg = Release|Any CPU
		{BC0870A7-959C-41D6-953B-96645B69ADC4}.Release|Any CPU.Build.0 = Release|Any CPU
		{BC0870A7-959C-41D6-953B-96645B69ADC4}.Release|ARM.ActiveCfg = Release|Any CPU
		{BC0870A7-959C-41D6-953B-96645B69ADC4}.Release|ARM.Build.0 = Release|Any CPU
		{BC0870A7-959C-41D6-953B-96645B69ADC4}.Release|iPhone.ActiveCfg = Release|Any CPU
		{BC0870A7-959C-41D6-953B-96645B69ADC4}.Release|iPhone.Build.0 = Release|Any CPU
		{BC0870A7-959C-41D6-953B-96645B69ADC4}.Release|iPhoneSimulator.ActiveCfg = Release|Any CPU
		{BC0870A7-959C-41D6-953B-96645B69ADC4}.Release|iPhoneSimulator.Build.0 = Release|Any CPU
		{BC0870A7-959C-41D6-953B-96645B69ADC4}.Release|x64.ActiveCfg = Release|Any CPU
		{BC0870A7-959C-41D6-953B-96645B69ADC4}.Release|x64.Build.0 = Release|Any CPU
		{BC0870A7-959C-41D6-953B-96645B69ADC4}.Release|x86.ActiveCfg = Release|Any CPU
		{BC0870A7-959C-41D6-953B-96645B69ADC4}.Release|x86.Build.0 = Release|Any CPU
		{57B48AD9-3396-49E2-8969-72CC00ED2EF6}.Debug|Any CPU.ActiveCfg = Debug|x86
		{57B48AD9-3396-49E2-8969-72CC00ED2EF6}.Debug|ARM.ActiveCfg = Debug|ARM
		{57B48AD9-3396-49E2-8969-72CC00ED2EF6}.Debug|ARM.Build.0 = Debug|ARM
		{57B48AD9-3396-49E2-8969-72CC00ED2EF6}.Debug|ARM.Deploy.0 = Debug|ARM
		{57B48AD9-3396-49E2-8969-72CC00ED2EF6}.Debug|iPhone.ActiveCfg = Debug|x86
		{57B48AD9-3396-49E2-8969-72CC00ED2EF6}.Debug|iPhoneSimulator.ActiveCfg = Debug|x86
		{57B48AD9-3396-49E2-8969-72CC00ED2EF6}.Debug|x64.ActiveCfg = Debug|x64
		{57B48AD9-3396-49E2-8969-72CC00ED2EF6}.Debug|x64.Build.0 = Debug|x64
		{57B48AD9-3396-49E2-8969-72CC00ED2EF6}.Debug|x64.Deploy.0 = Debug|x64
		{57B48AD9-3396-49E2-8969-72CC00ED2EF6}.Debug|x86.ActiveCfg = Debug|x86
		{57B48AD9-3396-49E2-8969-72CC00ED2EF6}.Debug|x86.Build.0 = Debug|x86
		{57B48AD9-3396-49E2-8969-72CC00ED2EF6}.Debug|x86.Deploy.0 = Debug|x86
		{57B48AD9-3396-49E2-8969-72CC00ED2EF6}.Release|Any CPU.ActiveCfg = Release|x86
		{57B48AD9-3396-49E2-8969-72CC00ED2EF6}.Release|ARM.ActiveCfg = Release|ARM
		{57B48AD9-3396-49E2-8969-72CC00ED2EF6}.Release|ARM.Build.0 = Release|ARM
		{57B48AD9-3396-49E2-8969-72CC00ED2EF6}.Release|ARM.Deploy.0 = Release|ARM
		{57B48AD9-3396-49E2-8969-72CC00ED2EF6}.Release|iPhone.ActiveCfg = Release|x86
		{57B48AD9-3396-49E2-8969-72CC00ED2EF6}.Release|iPhoneSimulator.ActiveCfg = Release|x86
		{57B48AD9-3396-49E2-8969-72CC00ED2EF6}.Release|x64.ActiveCfg = Release|x64
		{57B48AD9-3396-49E2-8969-72CC00ED2EF6}.Release|x64.Build.0 = Release|x64
		{57B48AD9-3396-49E2-8969-72CC00ED2EF6}.Release|x64.Deploy.0 = Release|x64
		{57B48AD9-3396-49E2-8969-72CC00ED2EF6}.Release|x86.ActiveCfg = Release|x86
		{57B48AD9-3396-49E2-8969-72CC00ED2EF6}.Release|x86.Build.0 = Release|x86
		{57B48AD9-3396-49E2-8969-72CC00ED2EF6}.Release|x86.Deploy.0 = Release|x86
		{8FB27C8F-137E-476F-8CA9-E0E9FE3AA76B}.Debug|Any CPU.ActiveCfg = Debug|Any CPU
		{8FB27C8F-137E-476F-8CA9-E0E9FE3AA76B}.Debug|Any CPU.Build.0 = Debug|Any CPU
		{8FB27C8F-137E-476F-8CA9-E0E9FE3AA76B}.Debug|Any CPU.Deploy.0 = Debug|Any CPU
		{8FB27C8F-137E-476F-8CA9-E0E9FE3AA76B}.Debug|ARM.ActiveCfg = Debug|Any CPU
		{8FB27C8F-137E-476F-8CA9-E0E9FE3AA76B}.Debug|ARM.Build.0 = Debug|Any CPU
		{8FB27C8F-137E-476F-8CA9-E0E9FE3AA76B}.Debug|ARM.Deploy.0 = Debug|Any CPU
		{8FB27C8F-137E-476F-8CA9-E0E9FE3AA76B}.Debug|iPhone.ActiveCfg = Debug|Any CPU
		{8FB27C8F-137E-476F-8CA9-E0E9FE3AA76B}.Debug|iPhone.Build.0 = Debug|Any CPU
		{8FB27C8F-137E-476F-8CA9-E0E9FE3AA76B}.Debug|iPhone.Deploy.0 = Debug|Any CPU
		{8FB27C8F-137E-476F-8CA9-E0E9FE3AA76B}.Debug|iPhoneSimulator.ActiveCfg = Debug|Any CPU
		{8FB27C8F-137E-476F-8CA9-E0E9FE3AA76B}.Debug|iPhoneSimulator.Build.0 = Debug|Any CPU
		{8FB27C8F-137E-476F-8CA9-E0E9FE3AA76B}.Debug|iPhoneSimulator.Deploy.0 = Debug|Any CPU
		{8FB27C8F-137E-476F-8CA9-E0E9FE3AA76B}.Debug|x64.ActiveCfg = Debug|Any CPU
		{8FB27C8F-137E-476F-8CA9-E0E9FE3AA76B}.Debug|x64.Build.0 = Debug|Any CPU
		{8FB27C8F-137E-476F-8CA9-E0E9FE3AA76B}.Debug|x64.Deploy.0 = Debug|Any CPU
		{8FB27C8F-137E-476F-8CA9-E0E9FE3AA76B}.Debug|x86.ActiveCfg = Debug|Any CPU
		{8FB27C8F-137E-476F-8CA9-E0E9FE3AA76B}.Debug|x86.Build.0 = Debug|Any CPU
		{8FB27C8F-137E-476F-8CA9-E0E9FE3AA76B}.Debug|x86.Deploy.0 = Debug|Any CPU
		{8FB27C8F-137E-476F-8CA9-E0E9FE3AA76B}.Release|Any CPU.ActiveCfg = Release|Any CPU
		{8FB27C8F-137E-476F-8CA9-E0E9FE3AA76B}.Release|Any CPU.Build.0 = Release|Any CPU
		{8FB27C8F-137E-476F-8CA9-E0E9FE3AA76B}.Release|Any CPU.Deploy.0 = Release|Any CPU
		{8FB27C8F-137E-476F-8CA9-E0E9FE3AA76B}.Release|ARM.ActiveCfg = Release|Any CPU
		{8FB27C8F-137E-476F-8CA9-E0E9FE3AA76B}.Release|ARM.Build.0 = Release|Any CPU
		{8FB27C8F-137E-476F-8CA9-E0E9FE3AA76B}.Release|ARM.Deploy.0 = Release|Any CPU
		{8FB27C8F-137E-476F-8CA9-E0E9FE3AA76B}.Release|iPhone.ActiveCfg = Release|Any CPU
		{8FB27C8F-137E-476F-8CA9-E0E9FE3AA76B}.Release|iPhone.Build.0 = Release|Any CPU
		{8FB27C8F-137E-476F-8CA9-E0E9FE3AA76B}.Release|iPhone.Deploy.0 = Release|Any CPU
		{8FB27C8F-137E-476F-8CA9-E0E9FE3AA76B}.Release|iPhoneSimulator.ActiveCfg = Release|Any CPU
		{8FB27C8F-137E-476F-8CA9-E0E9FE3AA76B}.Release|iPhoneSimulator.Build.0 = Release|Any CPU
		{8FB27C8F-137E-476F-8CA9-E0E9FE3AA76B}.Release|iPhoneSimulator.Deploy.0 = Release|Any CPU
		{8FB27C8F-137E-476F-8CA9-E0E9FE3AA76B}.Release|x64.ActiveCfg = Release|Any CPU
		{8FB27C8F-137E-476F-8CA9-E0E9FE3AA76B}.Release|x64.Build.0 = Release|Any CPU
		{8FB27C8F-137E-476F-8CA9-E0E9FE3AA76B}.Release|x64.Deploy.0 = Release|Any CPU
		{8FB27C8F-137E-476F-8CA9-E0E9FE3AA76B}.Release|x86.ActiveCfg = Release|Any CPU
		{8FB27C8F-137E-476F-8CA9-E0E9FE3AA76B}.Release|x86.Build.0 = Release|Any CPU
		{8FB27C8F-137E-476F-8CA9-E0E9FE3AA76B}.Release|x86.Deploy.0 = Release|Any CPU
		{80A96B52-6758-4BDB-B0B4-CEA4CA155C60}.Debug|Any CPU.ActiveCfg = Debug|iPhone
		{80A96B52-6758-4BDB-B0B4-CEA4CA155C60}.Debug|ARM.ActiveCfg = Debug|iPhone
		{80A96B52-6758-4BDB-B0B4-CEA4CA155C60}.Debug|iPhone.ActiveCfg = Debug|iPhone
		{80A96B52-6758-4BDB-B0B4-CEA4CA155C60}.Debug|iPhone.Build.0 = Debug|iPhone
		{80A96B52-6758-4BDB-B0B4-CEA4CA155C60}.Debug|iPhoneSimulator.ActiveCfg = Debug|iPhoneSimulator
		{80A96B52-6758-4BDB-B0B4-CEA4CA155C60}.Debug|iPhoneSimulator.Build.0 = Debug|iPhoneSimulator
		{80A96B52-6758-4BDB-B0B4-CEA4CA155C60}.Debug|x64.ActiveCfg = Debug|iPhone
		{80A96B52-6758-4BDB-B0B4-CEA4CA155C60}.Debug|x86.ActiveCfg = Debug|iPhone
		{80A96B52-6758-4BDB-B0B4-CEA4CA155C60}.Release|Any CPU.ActiveCfg = Release|iPhone
		{80A96B52-6758-4BDB-B0B4-CEA4CA155C60}.Release|ARM.ActiveCfg = Release|iPhone
		{80A96B52-6758-4BDB-B0B4-CEA4CA155C60}.Release|iPhone.ActiveCfg = Release|iPhone
		{80A96B52-6758-4BDB-B0B4-CEA4CA155C60}.Release|iPhone.Build.0 = Release|iPhone
		{80A96B52-6758-4BDB-B0B4-CEA4CA155C60}.Release|iPhoneSimulator.ActiveCfg = Release|iPhoneSimulator
		{80A96B52-6758-4BDB-B0B4-CEA4CA155C60}.Release|iPhoneSimulator.Build.0 = Release|iPhoneSimulator
		{80A96B52-6758-4BDB-B0B4-CEA4CA155C60}.Release|x64.ActiveCfg = Release|iPhone
		{80A96B52-6758-4BDB-B0B4-CEA4CA155C60}.Release|x86.ActiveCfg = Release|iPhone
	EndGlobalSection
	GlobalSection(SolutionProperties) = preSolution
		HideSolutionNode = FALSE
	EndGlobalSection
	GlobalSection(ExtensibilityGlobals) = postSolution
		SolutionGuid = {9BEADE3A-59DA-4B5D-B9FC-F985BE40B800}
	EndGlobalSection
EndGlobal
